// !$*UTF8*$!
{
	archiveVersion = 1;
	classes = {
	};
	objectVersion = 48;
	objects = {

/* Begin PBXBuildFile section */
		35BC9BD71F8669E400881541 /* SwiftJSONRPC.framework in Frameworks */ = {isa = PBXBuildFile; fileRef = 35BC9BCD1F8669E400881541 /* SwiftJSONRPC.framework */; };
		35DE3F5C1F866E9000A6F773 /* HTTPClientTests.swift in Sources */ = {isa = PBXBuildFile; fileRef = 35DE3F591F866E9000A6F773 /* HTTPClientTests.swift */; };
		35DE3F5D1F866E9000A6F773 /* HTTPRequestTests.swift in Sources */ = {isa = PBXBuildFile; fileRef = 35DE3F5A1F866E9000A6F773 /* HTTPRequestTests.swift */; };
		35DFC5F61F87711500B15E9D /* Alamofire.framework in Frameworks */ = {isa = PBXBuildFile; fileRef = 35DFC5F51F87711200B15E9D /* Alamofire.framework */; };
		35DFC5F81F877B6800B15E9D /* Alamofire.framework in Copy Frameworks */ = {isa = PBXBuildFile; fileRef = 35DFC5F51F87711200B15E9D /* Alamofire.framework */; settings = {ATTRIBUTES = (CodeSignOnCopy, RemoveHeadersOnCopy, ); }; };
		662C6A42212310B600274389 /* SwiftJSONRPC.h in Headers */ = {isa = PBXBuildFile; fileRef = 662C6A0E212310B500274389 /* SwiftJSONRPC.h */; settings = {ATTRIBUTES = (Public, ); }; };
		662C6A43212310B600274389 /* Info.plist in Resources */ = {isa = PBXBuildFile; fileRef = 662C6A0F212310B500274389 /* Info.plist */; };
		662C6A44212310B600274389 /* Lock.swift in Sources */ = {isa = PBXBuildFile; fileRef = 662C6A12212310B600274389 /* Lock.swift */; };
		662C6A45212310B600274389 /* Atomic.swift in Sources */ = {isa = PBXBuildFile; fileRef = 662C6A13212310B600274389 /* Atomic.swift */; };
		662C6A46212310B600274389 /* Cancelable.swift in Sources */ = {isa = PBXBuildFile; fileRef = 662C6A16212310B600274389 /* Cancelable.swift */; };
		662C6A47212310B600274389 /* ResultDispatcher.swift in Sources */ = {isa = PBXBuildFile; fileRef = 662C6A17212310B600274389 /* ResultDispatcher.swift */; };
		662C6A4A212310B600274389 /* Invocation.swift in Sources */ = {isa = PBXBuildFile; fileRef = 662C6A1A212310B600274389 /* Invocation.swift */; };
		662C6A4B212310B600274389 /* CallbackEvent.swift in Sources */ = {isa = PBXBuildFile; fileRef = 662C6A1B212310B600274389 /* CallbackEvent.swift */; };
		662C6A4C212310B600274389 /* Result.swift in Sources */ = {isa = PBXBuildFile; fileRef = 662C6A1D212310B600274389 /* Result.swift */; };
		662C6A4D212310B600274389 /* RequestExecutor.swift in Sources */ = {isa = PBXBuildFile; fileRef = 662C6A1E212310B600274389 /* RequestExecutor.swift */; };
		662C6A4E212310B600274389 /* Response.swift in Sources */ = {isa = PBXBuildFile; fileRef = 662C6A1F212310B600274389 /* Response.swift */; };
		662C6A4F212310B600274389 /* HTTPRequestExecutorConfig.swift in Sources */ = {isa = PBXBuildFile; fileRef = 662C6A21212310B600274389 /* HTTPRequestExecutorConfig.swift */; };
		662C6A50212310B600274389 /* HTTPRequestExecutorError.swift in Sources */ = {isa = PBXBuildFile; fileRef = 662C6A22212310B600274389 /* HTTPRequestExecutorError.swift */; };
		662C6A51212310B600274389 /* HTTPRequestAdapter.swift in Sources */ = {isa = PBXBuildFile; fileRef = 662C6A24212310B600274389 /* HTTPRequestAdapter.swift */; };
		662C6A52212310B600274389 /* DefaultHTTPRequestAdapter.swift in Sources */ = {isa = PBXBuildFile; fileRef = 662C6A25212310B600274389 /* DefaultHTTPRequestAdapter.swift */; };
		662C6A53212310B600274389 /* HTTPResponseAdapter.swift in Sources */ = {isa = PBXBuildFile; fileRef = 662C6A26212310B600274389 /* HTTPResponseAdapter.swift */; };
		662C6A54212310B600274389 /* DefaultHTTPResponseAdapter.swift in Sources */ = {isa = PBXBuildFile; fileRef = 662C6A27212310B600274389 /* DefaultHTTPResponseAdapter.swift */; };
		662C6A55212310B600274389 /* HTTPRequestExecutor.swift in Sources */ = {isa = PBXBuildFile; fileRef = 662C6A28212310B600274389 /* HTTPRequestExecutor.swift */; };
		662C6A56212310B600274389 /* HTTPRequestRetrier.swift in Sources */ = {isa = PBXBuildFile; fileRef = 662C6A2A212310B600274389 /* HTTPRequestRetrier.swift */; };
		662C6A57212310B600274389 /* HTTPRequest.swift in Sources */ = {isa = PBXBuildFile; fileRef = 662C6A2C212310B600274389 /* HTTPRequest.swift */; };
		662C6A58212310B600274389 /* HTTPResponse.swift in Sources */ = {isa = PBXBuildFile; fileRef = 662C6A2D212310B600274389 /* HTTPResponse.swift */; };
		662C6A59212310B600274389 /* AlamofireHTTPClient.swift in Sources */ = {isa = PBXBuildFile; fileRef = 662C6A2E212310B600274389 /* AlamofireHTTPClient.swift */; };
		662C6A5A212310B600274389 /* HTTPClient.swift in Sources */ = {isa = PBXBuildFile; fileRef = 662C6A2F212310B600274389 /* HTTPClient.swift */; };
		662C6A5B212310B600274389 /* Request.swift in Sources */ = {isa = PBXBuildFile; fileRef = 662C6A30212310B600274389 /* Request.swift */; };
		662C6A5C212310B600274389 /* RequestId.swift in Sources */ = {isa = PBXBuildFile; fileRef = 662C6A31212310B600274389 /* RequestId.swift */; };
		662C6A5D212310B600274389 /* ParcelableArrayResultParser.swift in Sources */ = {isa = PBXBuildFile; fileRef = 662C6A33212310B600274389 /* ParcelableArrayResultParser.swift */; };
		662C6A5E212310B600274389 /* ParcelableResultParser.swift in Sources */ = {isa = PBXBuildFile; fileRef = 662C6A34212310B600274389 /* ParcelableResultParser.swift */; };
		662C6A5F212310B600274389 /* JsonPrimitiveResultParser.swift in Sources */ = {isa = PBXBuildFile; fileRef = 662C6A35212310B600274389 /* JsonPrimitiveResultParser.swift */; };
		662C6A60212310B600274389 /* Parcelable.swift in Sources */ = {isa = PBXBuildFile; fileRef = 662C6A37212310B600274389 /* Parcelable.swift */; };
		662C6A61212310B600274389 /* ResultParser.swift in Sources */ = {isa = PBXBuildFile; fileRef = 662C6A38212310B600274389 /* ResultParser.swift */; };
		662C6A63212310B600274389 /* RPCError.swift in Sources */ = {isa = PBXBuildFile; fileRef = 662C6A3C212310B600274389 /* RPCError.swift */; };
		662C6A64212310B600274389 /* InvocationError.swift in Sources */ = {isa = PBXBuildFile; fileRef = 662C6A3D212310B600274389 /* InvocationError.swift */; };
		662C6A65212310B600274389 /* RequestRetrier.swift in Sources */ = {isa = PBXBuildFile; fileRef = 662C6A40212310B600274389 /* RequestRetrier.swift */; };
		662C6A66212310B600274389 /* RPCClient.swift in Sources */ = {isa = PBXBuildFile; fileRef = 662C6A41212310B600274389 /* RPCClient.swift */; };
		666123D221245C0800DA0244 /* RPCService.swift in Sources */ = {isa = PBXBuildFile; fileRef = 666123D121245C0800DA0244 /* RPCService.swift */; };
/* End PBXBuildFile section */

/* Begin PBXContainerItemProxy section */
		35BC9BD81F8669E400881541 /* PBXContainerItemProxy */ = {
			isa = PBXContainerItemProxy;
			containerPortal = 35BC9BC41F8669E400881541 /* Project object */;
			proxyType = 1;
			remoteGlobalIDString = 35BC9BCC1F8669E400881541;
			remoteInfo = SwiftJSONRPC;
		};
/* End PBXContainerItemProxy section */

/* Begin PBXCopyFilesBuildPhase section */
		35DFC5F71F877B5E00B15E9D /* Copy Frameworks */ = {
			isa = PBXCopyFilesBuildPhase;
			buildActionMask = 2147483647;
			dstPath = "";
			dstSubfolderSpec = 10;
			files = (
				35DFC5F81F877B6800B15E9D /* Alamofire.framework in Copy Frameworks */,
			);
			name = "Copy Frameworks";
			runOnlyForDeploymentPostprocessing = 0;
		};
/* End PBXCopyFilesBuildPhase section */

/* Begin PBXFileReference section */
		35BC9BCD1F8669E400881541 /* SwiftJSONRPC.framework */ = {isa = PBXFileReference; explicitFileType = wrapper.framework; includeInIndex = 0; path = SwiftJSONRPC.framework; sourceTree = BUILT_PRODUCTS_DIR; };
		35BC9BD61F8669E400881541 /* SwiftJSONRPCTests.xctest */ = {isa = PBXFileReference; explicitFileType = wrapper.cfbundle; includeInIndex = 0; path = SwiftJSONRPCTests.xctest; sourceTree = BUILT_PRODUCTS_DIR; };
		35BC9BDD1F8669E400881541 /* Info.plist */ = {isa = PBXFileReference; lastKnownFileType = text.plist.xml; path = Info.plist; sourceTree = "<group>"; };
		35DE3F591F866E9000A6F773 /* HTTPClientTests.swift */ = {isa = PBXFileReference; lastKnownFileType = sourcecode.swift; path = HTTPClientTests.swift; sourceTree = "<group>"; };
		35DE3F5A1F866E9000A6F773 /* HTTPRequestTests.swift */ = {isa = PBXFileReference; lastKnownFileType = sourcecode.swift; path = HTTPRequestTests.swift; sourceTree = "<group>"; };
		35DFC5F51F87711200B15E9D /* Alamofire.framework */ = {isa = PBXFileReference; lastKnownFileType = wrapper.framework; name = Alamofire.framework; path = Carthage/Build/iOS/Alamofire.framework; sourceTree = "<group>"; };
		6612D8A1239FEE66001AE450 /* Package.swift */ = {isa = PBXFileReference; lastKnownFileType = sourcecode.swift; path = Package.swift; sourceTree = "<group>"; };
		662C6A0E212310B500274389 /* SwiftJSONRPC.h */ = {isa = PBXFileReference; fileEncoding = 4; lastKnownFileType = sourcecode.c.h; path = SwiftJSONRPC.h; sourceTree = "<group>"; };
		662C6A0F212310B500274389 /* Info.plist */ = {isa = PBXFileReference; fileEncoding = 4; lastKnownFileType = text.plist.xml; path = Info.plist; sourceTree = "<group>"; };
		662C6A12212310B600274389 /* Lock.swift */ = {isa = PBXFileReference; fileEncoding = 4; lastKnownFileType = sourcecode.swift; path = Lock.swift; sourceTree = "<group>"; };
		662C6A13212310B600274389 /* Atomic.swift */ = {isa = PBXFileReference; fileEncoding = 4; lastKnownFileType = sourcecode.swift; path = Atomic.swift; sourceTree = "<group>"; };
		662C6A16212310B600274389 /* Cancelable.swift */ = {isa = PBXFileReference; fileEncoding = 4; lastKnownFileType = sourcecode.swift; path = Cancelable.swift; sourceTree = "<group>"; };
		662C6A17212310B600274389 /* ResultDispatcher.swift */ = {isa = PBXFileReference; fileEncoding = 4; lastKnownFileType = sourcecode.swift; path = ResultDispatcher.swift; sourceTree = "<group>"; };
		662C6A1A212310B600274389 /* Invocation.swift */ = {isa = PBXFileReference; fileEncoding = 4; lastKnownFileType = sourcecode.swift; path = Invocation.swift; sourceTree = "<group>"; };
		662C6A1B212310B600274389 /* CallbackEvent.swift */ = {isa = PBXFileReference; fileEncoding = 4; lastKnownFileType = sourcecode.swift; path = CallbackEvent.swift; sourceTree = "<group>"; };
		662C6A1D212310B600274389 /* Result.swift */ = {isa = PBXFileReference; fileEncoding = 4; lastKnownFileType = sourcecode.swift; path = Result.swift; sourceTree = "<group>"; };
		662C6A1E212310B600274389 /* RequestExecutor.swift */ = {isa = PBXFileReference; fileEncoding = 4; lastKnownFileType = sourcecode.swift; path = RequestExecutor.swift; sourceTree = "<group>"; };
		662C6A1F212310B600274389 /* Response.swift */ = {isa = PBXFileReference; fileEncoding = 4; lastKnownFileType = sourcecode.swift; path = Response.swift; sourceTree = "<group>"; };
		662C6A21212310B600274389 /* HTTPRequestExecutorConfig.swift */ = {isa = PBXFileReference; fileEncoding = 4; lastKnownFileType = sourcecode.swift; path = HTTPRequestExecutorConfig.swift; sourceTree = "<group>"; };
		662C6A22212310B600274389 /* HTTPRequestExecutorError.swift */ = {isa = PBXFileReference; fileEncoding = 4; lastKnownFileType = sourcecode.swift; path = HTTPRequestExecutorError.swift; sourceTree = "<group>"; };
		662C6A24212310B600274389 /* HTTPRequestAdapter.swift */ = {isa = PBXFileReference; fileEncoding = 4; lastKnownFileType = sourcecode.swift; path = HTTPRequestAdapter.swift; sourceTree = "<group>"; };
		662C6A25212310B600274389 /* DefaultHTTPRequestAdapter.swift */ = {isa = PBXFileReference; fileEncoding = 4; lastKnownFileType = sourcecode.swift; path = DefaultHTTPRequestAdapter.swift; sourceTree = "<group>"; };
		662C6A26212310B600274389 /* HTTPResponseAdapter.swift */ = {isa = PBXFileReference; fileEncoding = 4; lastKnownFileType = sourcecode.swift; path = HTTPResponseAdapter.swift; sourceTree = "<group>"; };
		662C6A27212310B600274389 /* DefaultHTTPResponseAdapter.swift */ = {isa = PBXFileReference; fileEncoding = 4; lastKnownFileType = sourcecode.swift; path = DefaultHTTPResponseAdapter.swift; sourceTree = "<group>"; };
		662C6A28212310B600274389 /* HTTPRequestExecutor.swift */ = {isa = PBXFileReference; fileEncoding = 4; lastKnownFileType = sourcecode.swift; path = HTTPRequestExecutor.swift; sourceTree = "<group>"; };
		662C6A2A212310B600274389 /* HTTPRequestRetrier.swift */ = {isa = PBXFileReference; fileEncoding = 4; lastKnownFileType = sourcecode.swift; path = HTTPRequestRetrier.swift; sourceTree = "<group>"; };
		662C6A2C212310B600274389 /* HTTPRequest.swift */ = {isa = PBXFileReference; fileEncoding = 4; lastKnownFileType = sourcecode.swift; path = HTTPRequest.swift; sourceTree = "<group>"; };
		662C6A2D212310B600274389 /* HTTPResponse.swift */ = {isa = PBXFileReference; fileEncoding = 4; lastKnownFileType = sourcecode.swift; path = HTTPResponse.swift; sourceTree = "<group>"; };
		662C6A2E212310B600274389 /* AlamofireHTTPClient.swift */ = {isa = PBXFileReference; fileEncoding = 4; lastKnownFileType = sourcecode.swift; path = AlamofireHTTPClient.swift; sourceTree = "<group>"; };
		662C6A2F212310B600274389 /* HTTPClient.swift */ = {isa = PBXFileReference; fileEncoding = 4; lastKnownFileType = sourcecode.swift; path = HTTPClient.swift; sourceTree = "<group>"; };
		662C6A30212310B600274389 /* Request.swift */ = {isa = PBXFileReference; fileEncoding = 4; lastKnownFileType = sourcecode.swift; path = Request.swift; sourceTree = "<group>"; };
		662C6A31212310B600274389 /* RequestId.swift */ = {isa = PBXFileReference; fileEncoding = 4; lastKnownFileType = sourcecode.swift; path = RequestId.swift; sourceTree = "<group>"; };
		662C6A33212310B600274389 /* ParcelableArrayResultParser.swift */ = {isa = PBXFileReference; fileEncoding = 4; lastKnownFileType = sourcecode.swift; path = ParcelableArrayResultParser.swift; sourceTree = "<group>"; };
		662C6A34212310B600274389 /* ParcelableResultParser.swift */ = {isa = PBXFileReference; fileEncoding = 4; lastKnownFileType = sourcecode.swift; path = ParcelableResultParser.swift; sourceTree = "<group>"; };
		662C6A35212310B600274389 /* JsonPrimitiveResultParser.swift */ = {isa = PBXFileReference; fileEncoding = 4; lastKnownFileType = sourcecode.swift; path = JsonPrimitiveResultParser.swift; sourceTree = "<group>"; };
		662C6A37212310B600274389 /* Parcelable.swift */ = {isa = PBXFileReference; fileEncoding = 4; lastKnownFileType = sourcecode.swift; path = Parcelable.swift; sourceTree = "<group>"; };
		662C6A38212310B600274389 /* ResultParser.swift */ = {isa = PBXFileReference; fileEncoding = 4; lastKnownFileType = sourcecode.swift; path = ResultParser.swift; sourceTree = "<group>"; };
		662C6A3C212310B600274389 /* RPCError.swift */ = {isa = PBXFileReference; fileEncoding = 4; lastKnownFileType = sourcecode.swift; path = RPCError.swift; sourceTree = "<group>"; };
		662C6A3D212310B600274389 /* InvocationError.swift */ = {isa = PBXFileReference; fileEncoding = 4; lastKnownFileType = sourcecode.swift; path = InvocationError.swift; sourceTree = "<group>"; };
		662C6A40212310B600274389 /* RequestRetrier.swift */ = {isa = PBXFileReference; fileEncoding = 4; lastKnownFileType = sourcecode.swift; path = RequestRetrier.swift; sourceTree = "<group>"; };
		662C6A41212310B600274389 /* RPCClient.swift */ = {isa = PBXFileReference; fileEncoding = 4; lastKnownFileType = sourcecode.swift; path = RPCClient.swift; sourceTree = "<group>"; };
		666123D121245C0800DA0244 /* RPCService.swift */ = {isa = PBXFileReference; fileEncoding = 4; lastKnownFileType = sourcecode.swift; path = RPCService.swift; sourceTree = "<group>"; };
/* End PBXFileReference section */

/* Begin PBXFrameworksBuildPhase section */
		35BC9BC91F8669E400881541 /* Frameworks */ = {
			isa = PBXFrameworksBuildPhase;
			buildActionMask = 2147483647;
			files = (
				35DFC5F61F87711500B15E9D /* Alamofire.framework in Frameworks */,
			);
			runOnlyForDeploymentPostprocessing = 0;
		};
		35BC9BD31F8669E400881541 /* Frameworks */ = {
			isa = PBXFrameworksBuildPhase;
			buildActionMask = 2147483647;
			files = (
				35BC9BD71F8669E400881541 /* SwiftJSONRPC.framework in Frameworks */,
			);
			runOnlyForDeploymentPostprocessing = 0;
		};
/* End PBXFrameworksBuildPhase section */

/* Begin PBXGroup section */
		3562ED6A1F866FA3007D184D /* Frameworks */ = {
			isa = PBXGroup;
			children = (
				35DFC5F51F87711200B15E9D /* Alamofire.framework */,
			);
			name = Frameworks;
			sourceTree = "<group>";
		};
		35BC9BC31F8669E400881541 = {
			isa = PBXGroup;
			children = (
				6612D8A1239FEE66001AE450 /* Package.swift */,
				662C6A14212310B600274389 /* SwiftJSONRPC */,
				662C6A10212310B600274389 /* Libraries */,
				662C6A0D212310B500274389 /* SupportingFiles */,
				35BC9BDA1F8669E400881541 /* Tests */,
				35BC9BCE1F8669E400881541 /* Products */,
				3562ED6A1F866FA3007D184D /* Frameworks */,
			);
			sourceTree = "<group>";
		};
		35BC9BCE1F8669E400881541 /* Products */ = {
			isa = PBXGroup;
			children = (
				35BC9BCD1F8669E400881541 /* SwiftJSONRPC.framework */,
				35BC9BD61F8669E400881541 /* SwiftJSONRPCTests.xctest */,
			);
			name = Products;
			sourceTree = "<group>";
		};
		35BC9BDA1F8669E400881541 /* Tests */ = {
			isa = PBXGroup;
			children = (
				35DE3F591F866E9000A6F773 /* HTTPClientTests.swift */,
				35DE3F5A1F866E9000A6F773 /* HTTPRequestTests.swift */,
				35BC9C111F866B0E00881541 /* SupportingFiles */,
			);
			path = Tests;
			sourceTree = "<group>";
		};
		35BC9C111F866B0E00881541 /* SupportingFiles */ = {
			isa = PBXGroup;
			children = (
				35BC9BDD1F8669E400881541 /* Info.plist */,
			);
			path = SupportingFiles;
			sourceTree = "<group>";
		};
		662C6A0D212310B500274389 /* SupportingFiles */ = {
			isa = PBXGroup;
			children = (
				662C6A0E212310B500274389 /* SwiftJSONRPC.h */,
				662C6A0F212310B500274389 /* Info.plist */,
			);
			name = SupportingFiles;
			path = Sources/SupportingFiles;
			sourceTree = "<group>";
		};
		662C6A10212310B600274389 /* Libraries */ = {
			isa = PBXGroup;
			children = (
				662C6A11212310B600274389 /* Atomic */,
			);
			name = Libraries;
			path = Sources/Libraries;
			sourceTree = "<group>";
		};
		662C6A11212310B600274389 /* Atomic */ = {
			isa = PBXGroup;
			children = (
				662C6A12212310B600274389 /* Lock.swift */,
				662C6A13212310B600274389 /* Atomic.swift */,
			);
			path = Atomic;
			sourceTree = "<group>";
		};
		662C6A14212310B600274389 /* SwiftJSONRPC */ = {
			isa = PBXGroup;
			children = (
				662C6A15212310B600274389 /* Invocation */,
				662C6A1C212310B600274389 /* RequestExecutor */,
				662C6A32212310B600274389 /* ResultParser */,
				662C6A39212310B600274389 /* Service */,
				662C6A3B212310B600274389 /* Error */,
				662C6A3E212310B600274389 /* Client */,
			);
			name = SwiftJSONRPC;
			path = Sources/SwiftJSONRPC;
			sourceTree = "<group>";
		};
		662C6A15212310B600274389 /* Invocation */ = {
			isa = PBXGroup;
			children = (
				662C6A16212310B600274389 /* Cancelable.swift */,
				662C6A17212310B600274389 /* ResultDispatcher.swift */,
				662C6A1A212310B600274389 /* Invocation.swift */,
				662C6A1B212310B600274389 /* CallbackEvent.swift */,
			);
			path = Invocation;
			sourceTree = "<group>";
		};
		662C6A1C212310B600274389 /* RequestExecutor */ = {
			isa = PBXGroup;
			children = (
				662C6A1D212310B600274389 /* Result.swift */,
				662C6A1E212310B600274389 /* RequestExecutor.swift */,
				662C6A1F212310B600274389 /* Response.swift */,
				662C6A20212310B600274389 /* HTTP */,
				662C6A30212310B600274389 /* Request.swift */,
				662C6A31212310B600274389 /* RequestId.swift */,
			);
			path = RequestExecutor;
			sourceTree = "<group>";
		};
		662C6A20212310B600274389 /* HTTP */ = {
			isa = PBXGroup;
			children = (
				662C6A21212310B600274389 /* HTTPRequestExecutorConfig.swift */,
				662C6A22212310B600274389 /* HTTPRequestExecutorError.swift */,
				662C6A23212310B600274389 /* Adapter */,
				662C6A28212310B600274389 /* HTTPRequestExecutor.swift */,
				662C6A29212310B600274389 /* Retrier */,
				662C6A2B212310B600274389 /* Client */,
			);
			path = HTTP;
			sourceTree = "<group>";
		};
		662C6A23212310B600274389 /* Adapter */ = {
			isa = PBXGroup;
			children = (
				662C6A24212310B600274389 /* HTTPRequestAdapter.swift */,
				662C6A25212310B600274389 /* DefaultHTTPRequestAdapter.swift */,
				662C6A26212310B600274389 /* HTTPResponseAdapter.swift */,
				662C6A27212310B600274389 /* DefaultHTTPResponseAdapter.swift */,
			);
			path = Adapter;
			sourceTree = "<group>";
		};
		662C6A29212310B600274389 /* Retrier */ = {
			isa = PBXGroup;
			children = (
				662C6A2A212310B600274389 /* HTTPRequestRetrier.swift */,
			);
			path = Retrier;
			sourceTree = "<group>";
		};
		662C6A2B212310B600274389 /* Client */ = {
			isa = PBXGroup;
			children = (
				662C6A2C212310B600274389 /* HTTPRequest.swift */,
				662C6A2D212310B600274389 /* HTTPResponse.swift */,
				662C6A2E212310B600274389 /* AlamofireHTTPClient.swift */,
				662C6A2F212310B600274389 /* HTTPClient.swift */,
			);
			path = Client;
			sourceTree = "<group>";
		};
		662C6A32212310B600274389 /* ResultParser */ = {
			isa = PBXGroup;
			children = (
				662C6A33212310B600274389 /* ParcelableArrayResultParser.swift */,
				662C6A34212310B600274389 /* ParcelableResultParser.swift */,
				662C6A35212310B600274389 /* JsonPrimitiveResultParser.swift */,
				662C6A36212310B600274389 /* Base */,
			);
			path = ResultParser;
			sourceTree = "<group>";
		};
		662C6A36212310B600274389 /* Base */ = {
			isa = PBXGroup;
			children = (
				662C6A37212310B600274389 /* Parcelable.swift */,
				662C6A38212310B600274389 /* ResultParser.swift */,
			);
			path = Base;
			sourceTree = "<group>";
		};
		662C6A39212310B600274389 /* Service */ = {
			isa = PBXGroup;
			children = (
				666123D121245C0800DA0244 /* RPCService.swift */,
			);
			path = Service;
			sourceTree = "<group>";
		};
		662C6A3B212310B600274389 /* Error */ = {
			isa = PBXGroup;
			children = (
				662C6A3C212310B600274389 /* RPCError.swift */,
				662C6A3D212310B600274389 /* InvocationError.swift */,
			);
			path = Error;
			sourceTree = "<group>";
		};
		662C6A3E212310B600274389 /* Client */ = {
			isa = PBXGroup;
			children = (
				662C6A3F212310B600274389 /* Retrier */,
				662C6A41212310B600274389 /* RPCClient.swift */,
			);
			path = Client;
			sourceTree = "<group>";
		};
		662C6A3F212310B600274389 /* Retrier */ = {
			isa = PBXGroup;
			children = (
				662C6A40212310B600274389 /* RequestRetrier.swift */,
			);
			path = Retrier;
			sourceTree = "<group>";
		};
/* End PBXGroup section */

/* Begin PBXHeadersBuildPhase section */
		35BC9BCA1F8669E400881541 /* Headers */ = {
			isa = PBXHeadersBuildPhase;
			buildActionMask = 2147483647;
			files = (
				662C6A42212310B600274389 /* SwiftJSONRPC.h in Headers */,
			);
			runOnlyForDeploymentPostprocessing = 0;
		};
/* End PBXHeadersBuildPhase section */

/* Begin PBXNativeTarget section */
		35BC9BCC1F8669E400881541 /* SwiftJSONRPC */ = {
			isa = PBXNativeTarget;
			buildConfigurationList = 35BC9BE11F8669E400881541 /* Build configuration list for PBXNativeTarget "SwiftJSONRPC" */;
			buildPhases = (
				35BC9BC81F8669E400881541 /* Sources */,
				35BC9BC91F8669E400881541 /* Frameworks */,
				35BC9BCA1F8669E400881541 /* Headers */,
				35BC9BCB1F8669E400881541 /* Resources */,
			);
			buildRules = (
			);
			dependencies = (
			);
			name = SwiftJSONRPC;
			productName = SwiftJSONRPC;
			productReference = 35BC9BCD1F8669E400881541 /* SwiftJSONRPC.framework */;
			productType = "com.apple.product-type.framework";
		};
		35BC9BD51F8669E400881541 /* SwiftJSONRPCTests */ = {
			isa = PBXNativeTarget;
			buildConfigurationList = 35BC9BE41F8669E400881541 /* Build configuration list for PBXNativeTarget "SwiftJSONRPCTests" */;
			buildPhases = (
				35BC9BD21F8669E400881541 /* Sources */,
				35BC9BD31F8669E400881541 /* Frameworks */,
				35BC9BD41F8669E400881541 /* Resources */,
				35DFC5F71F877B5E00B15E9D /* Copy Frameworks */,
			);
			buildRules = (
			);
			dependencies = (
				35BC9BD91F8669E400881541 /* PBXTargetDependency */,
			);
			name = SwiftJSONRPCTests;
			productName = SwiftJSONRPCTests;
			productReference = 35BC9BD61F8669E400881541 /* SwiftJSONRPCTests.xctest */;
			productType = "com.apple.product-type.bundle.unit-test";
		};
/* End PBXNativeTarget section */

/* Begin PBXProject section */
		35BC9BC41F8669E400881541 /* Project object */ = {
			isa = PBXProject;
			attributes = {
				LastSwiftUpdateCheck = 0900;
				LastUpgradeCheck = 0900;
				ORGANIZATIONNAME = "Denis Kolyasev";
				TargetAttributes = {
					35BC9BCC1F8669E400881541 = {
						CreatedOnToolsVersion = 9.0;
						ProvisioningStyle = Automatic;
					};
					35BC9BD51F8669E400881541 = {
						CreatedOnToolsVersion = 9.0;
						ProvisioningStyle = Automatic;
					};
				};
			};
			buildConfigurationList = 35BC9BC71F8669E400881541 /* Build configuration list for PBXProject "SwiftJSONRPC" */;
			compatibilityVersion = "Xcode 8.0";
			developmentRegion = en;
			hasScannedForEncodings = 0;
			knownRegions = (
				en,
			);
			mainGroup = 35BC9BC31F8669E400881541;
			productRefGroup = 35BC9BCE1F8669E400881541 /* Products */;
			projectDirPath = "";
			projectRoot = "";
			targets = (
				35BC9BCC1F8669E400881541 /* SwiftJSONRPC */,
				35BC9BD51F8669E400881541 /* SwiftJSONRPCTests */,
			);
		};
/* End PBXProject section */

/* Begin PBXResourcesBuildPhase section */
		35BC9BCB1F8669E400881541 /* Resources */ = {
			isa = PBXResourcesBuildPhase;
			buildActionMask = 2147483647;
			files = (
				662C6A43212310B600274389 /* Info.plist in Resources */,
			);
			runOnlyForDeploymentPostprocessing = 0;
		};
		35BC9BD41F8669E400881541 /* Resources */ = {
			isa = PBXResourcesBuildPhase;
			buildActionMask = 2147483647;
			files = (
			);
			runOnlyForDeploymentPostprocessing = 0;
		};
/* End PBXResourcesBuildPhase section */

/* Begin PBXSourcesBuildPhase section */
		35BC9BC81F8669E400881541 /* Sources */ = {
			isa = PBXSourcesBuildPhase;
			buildActionMask = 2147483647;
			files = (
				662C6A4F212310B600274389 /* HTTPRequestExecutorConfig.swift in Sources */,
				662C6A60212310B600274389 /* Parcelable.swift in Sources */,
				662C6A64212310B600274389 /* InvocationError.swift in Sources */,
				662C6A5B212310B600274389 /* Request.swift in Sources */,
				662C6A4C212310B600274389 /* Result.swift in Sources */,
				662C6A54212310B600274389 /* DefaultHTTPResponseAdapter.swift in Sources */,
				662C6A45212310B600274389 /* Atomic.swift in Sources */,
				662C6A53212310B600274389 /* HTTPResponseAdapter.swift in Sources */,
				662C6A56212310B600274389 /* HTTPRequestRetrier.swift in Sources */,
				662C6A5F212310B600274389 /* JsonPrimitiveResultParser.swift in Sources */,
				662C6A46212310B600274389 /* Cancelable.swift in Sources */,
				662C6A4A212310B600274389 /* Invocation.swift in Sources */,
				662C6A4B212310B600274389 /* CallbackEvent.swift in Sources */,
				662C6A55212310B600274389 /* HTTPRequestExecutor.swift in Sources */,
				662C6A58212310B600274389 /* HTTPResponse.swift in Sources */,
				662C6A4E212310B600274389 /* Response.swift in Sources */,
				662C6A52212310B600274389 /* DefaultHTTPRequestAdapter.swift in Sources */,
				662C6A44212310B600274389 /* Lock.swift in Sources */,
				662C6A66212310B600274389 /* RPCClient.swift in Sources */,
				662C6A4D212310B600274389 /* RequestExecutor.swift in Sources */,
				662C6A5C212310B600274389 /* RequestId.swift in Sources */,
				662C6A5E212310B600274389 /* ParcelableResultParser.swift in Sources */,
				662C6A65212310B600274389 /* RequestRetrier.swift in Sources */,
				662C6A51212310B600274389 /* HTTPRequestAdapter.swift in Sources */,
				662C6A63212310B600274389 /* RPCError.swift in Sources */,
				662C6A5D212310B600274389 /* ParcelableArrayResultParser.swift in Sources */,
				662C6A57212310B600274389 /* HTTPRequest.swift in Sources */,
				662C6A61212310B600274389 /* ResultParser.swift in Sources */,
				662C6A59212310B600274389 /* AlamofireHTTPClient.swift in Sources */,
				662C6A5A212310B600274389 /* HTTPClient.swift in Sources */,
				666123D221245C0800DA0244 /* RPCService.swift in Sources */,
				662C6A47212310B600274389 /* ResultDispatcher.swift in Sources */,
				662C6A50212310B600274389 /* HTTPRequestExecutorError.swift in Sources */,
			);
			runOnlyForDeploymentPostprocessing = 0;
		};
		35BC9BD21F8669E400881541 /* Sources */ = {
			isa = PBXSourcesBuildPhase;
			buildActionMask = 2147483647;
			files = (
				35DE3F5D1F866E9000A6F773 /* HTTPRequestTests.swift in Sources */,
				35DE3F5C1F866E9000A6F773 /* HTTPClientTests.swift in Sources */,
			);
			runOnlyForDeploymentPostprocessing = 0;
		};
/* End PBXSourcesBuildPhase section */

/* Begin PBXTargetDependency section */
		35BC9BD91F8669E400881541 /* PBXTargetDependency */ = {
			isa = PBXTargetDependency;
			target = 35BC9BCC1F8669E400881541 /* SwiftJSONRPC */;
			targetProxy = 35BC9BD81F8669E400881541 /* PBXContainerItemProxy */;
		};
/* End PBXTargetDependency section */

/* Begin XCBuildConfiguration section */
		35BC9BDF1F8669E400881541 /* Debug */ = {
			isa = XCBuildConfiguration;
			buildSettings = {
				ALWAYS_SEARCH_USER_PATHS = NO;
				CLANG_ANALYZER_NONNULL = YES;
				CLANG_ANALYZER_NUMBER_OBJECT_CONVERSION = YES_AGGRESSIVE;
				CLANG_CXX_LANGUAGE_STANDARD = "gnu++14";
				CLANG_CXX_LIBRARY = "libc++";
				CLANG_ENABLE_MODULES = YES;
				CLANG_ENABLE_OBJC_ARC = YES;
				CLANG_WARN_BLOCK_CAPTURE_AUTORELEASING = YES;
				CLANG_WARN_BOOL_CONVERSION = YES;
				CLANG_WARN_COMMA = YES;
				CLANG_WARN_CONSTANT_CONVERSION = YES;
				CLANG_WARN_DIRECT_OBJC_ISA_USAGE = YES_ERROR;
				CLANG_WARN_DOCUMENTATION_COMMENTS = YES;
				CLANG_WARN_EMPTY_BODY = YES;
				CLANG_WARN_ENUM_CONVERSION = YES;
				CLANG_WARN_INFINITE_RECURSION = YES;
				CLANG_WARN_INT_CONVERSION = YES;
				CLANG_WARN_NON_LITERAL_NULL_CONVERSION = YES;
				CLANG_WARN_OBJC_LITERAL_CONVERSION = YES;
				CLANG_WARN_OBJC_ROOT_CLASS = YES_ERROR;
				CLANG_WARN_RANGE_LOOP_ANALYSIS = YES;
				CLANG_WARN_STRICT_PROTOTYPES = YES;
				CLANG_WARN_SUSPICIOUS_MOVE = YES;
				CLANG_WARN_UNGUARDED_AVAILABILITY = YES_AGGRESSIVE;
				CLANG_WARN_UNREACHABLE_CODE = YES;
				CLANG_WARN__DUPLICATE_METHOD_MATCH = YES;
				CODE_SIGN_IDENTITY = "iPhone Developer";
				COPY_PHASE_STRIP = NO;
				CURRENT_PROJECT_VERSION = 1;
				DEBUG_INFORMATION_FORMAT = dwarf;
				ENABLE_STRICT_OBJC_MSGSEND = YES;
				ENABLE_TESTABILITY = YES;
				GCC_C_LANGUAGE_STANDARD = gnu11;
				GCC_DYNAMIC_NO_PIC = NO;
				GCC_NO_COMMON_BLOCKS = YES;
				GCC_OPTIMIZATION_LEVEL = 0;
				GCC_PREPROCESSOR_DEFINITIONS = (
					"DEBUG=1",
					"$(inherited)",
				);
				GCC_WARN_64_TO_32_BIT_CONVERSION = YES;
				GCC_WARN_ABOUT_RETURN_TYPE = YES_ERROR;
				GCC_WARN_UNDECLARED_SELECTOR = YES;
				GCC_WARN_UNINITIALIZED_AUTOS = YES_AGGRESSIVE;
				GCC_WARN_UNUSED_FUNCTION = YES;
				GCC_WARN_UNUSED_VARIABLE = YES;
				IPHONEOS_DEPLOYMENT_TARGET = 11.0;
				MTL_ENABLE_DEBUG_INFO = YES;
				ONLY_ACTIVE_ARCH = YES;
				SDKROOT = iphoneos;
				SWIFT_ACTIVE_COMPILATION_CONDITIONS = DEBUG;
				SWIFT_OPTIMIZATION_LEVEL = "-Onone";
				VERSIONING_SYSTEM = "apple-generic";
				VERSION_INFO_PREFIX = "";
			};
			name = Debug;
		};
		35BC9BE01F8669E400881541 /* Release */ = {
			isa = XCBuildConfiguration;
			buildSettings = {
				ALWAYS_SEARCH_USER_PATHS = NO;
				CLANG_ANALYZER_NONNULL = YES;
				CLANG_ANALYZER_NUMBER_OBJECT_CONVERSION = YES_AGGRESSIVE;
				CLANG_CXX_LANGUAGE_STANDARD = "gnu++14";
				CLANG_CXX_LIBRARY = "libc++";
				CLANG_ENABLE_MODULES = YES;
				CLANG_ENABLE_OBJC_ARC = YES;
				CLANG_WARN_BLOCK_CAPTURE_AUTORELEASING = YES;
				CLANG_WARN_BOOL_CONVERSION = YES;
				CLANG_WARN_COMMA = YES;
				CLANG_WARN_CONSTANT_CONVERSION = YES;
				CLANG_WARN_DIRECT_OBJC_ISA_USAGE = YES_ERROR;
				CLANG_WARN_DOCUMENTATION_COMMENTS = YES;
				CLANG_WARN_EMPTY_BODY = YES;
				CLANG_WARN_ENUM_CONVERSION = YES;
				CLANG_WARN_INFINITE_RECURSION = YES;
				CLANG_WARN_INT_CONVERSION = YES;
				CLANG_WARN_NON_LITERAL_NULL_CONVERSION = YES;
				CLANG_WARN_OBJC_LITERAL_CONVERSION = YES;
				CLANG_WARN_OBJC_ROOT_CLASS = YES_ERROR;
				CLANG_WARN_RANGE_LOOP_ANALYSIS = YES;
				CLANG_WARN_STRICT_PROTOTYPES = YES;
				CLANG_WARN_SUSPICIOUS_MOVE = YES;
				CLANG_WARN_UNGUARDED_AVAILABILITY = YES_AGGRESSIVE;
				CLANG_WARN_UNREACHABLE_CODE = YES;
				CLANG_WARN__DUPLICATE_METHOD_MATCH = YES;
				CODE_SIGN_IDENTITY = "iPhone Developer";
				COPY_PHASE_STRIP = NO;
				CURRENT_PROJECT_VERSION = 1;
				DEBUG_INFORMATION_FORMAT = "dwarf-with-dsym";
				ENABLE_NS_ASSERTIONS = NO;
				ENABLE_STRICT_OBJC_MSGSEND = YES;
				GCC_C_LANGUAGE_STANDARD = gnu11;
				GCC_NO_COMMON_BLOCKS = YES;
				GCC_WARN_64_TO_32_BIT_CONVERSION = YES;
				GCC_WARN_ABOUT_RETURN_TYPE = YES_ERROR;
				GCC_WARN_UNDECLARED_SELECTOR = YES;
				GCC_WARN_UNINITIALIZED_AUTOS = YES_AGGRESSIVE;
				GCC_WARN_UNUSED_FUNCTION = YES;
				GCC_WARN_UNUSED_VARIABLE = YES;
				IPHONEOS_DEPLOYMENT_TARGET = 11.0;
				MTL_ENABLE_DEBUG_INFO = NO;
				SDKROOT = iphoneos;
				SWIFT_OPTIMIZATION_LEVEL = "-Owholemodule";
				VALIDATE_PRODUCT = YES;
				VERSIONING_SYSTEM = "apple-generic";
				VERSION_INFO_PREFIX = "";
			};
			name = Release;
		};
		35BC9BE21F8669E400881541 /* Debug */ = {
			isa = XCBuildConfiguration;
			buildSettings = {
				CODE_SIGN_IDENTITY = "";
				CODE_SIGN_STYLE = Automatic;
				DEFINES_MODULE = YES;
				DYLIB_COMPATIBILITY_VERSION = 1;
				DYLIB_CURRENT_VERSION = 1;
				DYLIB_INSTALL_NAME_BASE = "@rpath";
				FRAMEWORK_SEARCH_PATHS = (
					"$(inherited)",
					"$(PROJECT_DIR)/Carthage/Build/iOS",
				);
				INFOPLIST_FILE = "$(SRCROOT)/Sources/SupportingFiles/Info.plist";
				INSTALL_PATH = "$(LOCAL_LIBRARY_DIR)/Frameworks";
				IPHONEOS_DEPLOYMENT_TARGET = 8.0;
				LD_RUNPATH_SEARCH_PATHS = "$(inherited) @executable_path/Frameworks @loader_path/Frameworks";
				PRODUCT_BUNDLE_IDENTIFIER = ru.kolyasev.SwiftJSONRPC;
				PRODUCT_NAME = "$(TARGET_NAME:c99extidentifier)";
				SKIP_INSTALL = YES;
				SWIFT_VERSION = 4.0;
				TARGETED_DEVICE_FAMILY = "1,2";
			};
			name = Debug;
		};
		35BC9BE31F8669E400881541 /* Release */ = {
			isa = XCBuildConfiguration;
			buildSettings = {
				CODE_SIGN_IDENTITY = "";
				CODE_SIGN_STYLE = Automatic;
				DEFINES_MODULE = YES;
				DYLIB_COMPATIBILITY_VERSION = 1;
				DYLIB_CURRENT_VERSION = 1;
				DYLIB_INSTALL_NAME_BASE = "@rpath";
				FRAMEWORK_SEARCH_PATHS = (
					"$(inherited)",
					"$(PROJECT_DIR)/Carthage/Build/iOS",
				);
				INFOPLIST_FILE = "$(SRCROOT)/Sources/SupportingFiles/Info.plist";
				INSTALL_PATH = "$(LOCAL_LIBRARY_DIR)/Frameworks";
				IPHONEOS_DEPLOYMENT_TARGET = 8.0;
				LD_RUNPATH_SEARCH_PATHS = "$(inherited) @executable_path/Frameworks @loader_path/Frameworks";
				PRODUCT_BUNDLE_IDENTIFIER = ru.kolyasev.SwiftJSONRPC;
				PRODUCT_NAME = "$(TARGET_NAME:c99extidentifier)";
				SKIP_INSTALL = YES;
				SWIFT_VERSION = 4.0;
				TARGETED_DEVICE_FAMILY = "1,2";
			};
			name = Release;
		};
		35BC9BE51F8669E400881541 /* Debug */ = {
			isa = XCBuildConfiguration;
			buildSettings = {
				ALWAYS_EMBED_SWIFT_STANDARD_LIBRARIES = YES;
				CODE_SIGN_STYLE = Automatic;
				INFOPLIST_FILE = Tests/SupportingFiles/Info.plist;
				LD_RUNPATH_SEARCH_PATHS = "$(inherited) @executable_path/Frameworks @loader_path/Frameworks";
				PRODUCT_BUNDLE_IDENTIFIER = ru.kolyasev.SwiftJSONRPCTests;
				PRODUCT_NAME = "$(TARGET_NAME)";
				SWIFT_VERSION = 4.0;
				TARGETED_DEVICE_FAMILY = "1,2";
			};
			name = Debug;
		};
		35BC9BE61F8669E400881541 /* Release */ = {
			isa = XCBuildConfiguration;
			buildSettings = {
				ALWAYS_EMBED_SWIFT_STANDARD_LIBRARIES = YES;
				CODE_SIGN_STYLE = Automatic;
				INFOPLIST_FILE = Tests/SupportingFiles/Info.plist;
				LD_RUNPATH_SEARCH_PATHS = "$(inherited) @executable_path/Frameworks @loader_path/Frameworks";
				PRODUCT_BUNDLE_IDENTIFIER = ru.kolyasev.SwiftJSONRPCTests;
				PRODUCT_NAME = "$(TARGET_NAME)";
				SWIFT_VERSION = 4.0;
				TARGETED_DEVICE_FAMILY = "1,2";
			};
			name = Release;
		};
/* End XCBuildConfiguration section */

/* Begin XCConfigurationList section */
		35BC9BC71F8669E400881541 /* Build configuration list for PBXProject "SwiftJSONRPC" */ = {
			isa = XCConfigurationList;
			buildConfigurations = (
				35BC9BDF1F8669E400881541 /* Debug */,
				35BC9BE01F8669E400881541 /* Release */,
			);
			defaultConfigurationIsVisible = 0;
			defaultConfigurationName = Release;
		};
		35BC9BE11F8669E400881541 /* Build configuration list for PBXNativeTarget "SwiftJSONRPC" */ = {
			isa = XCConfigurationList;
			buildConfigurations = (
				35BC9BE21F8669E400881541 /* Debug */,
				35BC9BE31F8669E400881541 /* Release */,
			);
			defaultConfigurationIsVisible = 0;
			defaultConfigurationName = Release;
		};
		35BC9BE41F8669E400881541 /* Build configuration list for PBXNativeTarget "SwiftJSONRPCTests" */ = {
			isa = XCConfigurationList;
			buildConfigurations = (
				35BC9BE51F8669E400881541 /* Debug */,
				35BC9BE61F8669E400881541 /* Release */,
			);
			defaultConfigurationIsVisible = 0;
			defaultConfigurationName = Release;
		};
/* End XCConfigurationList section */
	};
	rootObject = 35BC9BC41F8669E400881541 /* Project object */;
}
