PODS:
  - Alamofire (3.4.0)
  - Atomic (1.0.3)
  - SwiftJSONRPC (0.1.1):
    - Alamofire (~> 3.0)
    - Atomic (~> 1.0)
    - SwiftyJSON (~> 2.3)
  - SwiftyJSON (2.3.2)

DEPENDENCIES:
  - SwiftJSONRPC (from `../`)

EXTERNAL SOURCES:
  SwiftJSONRPC:
    :path: ../

SPEC CHECKSUMS:
  Alamofire: c19a627cefd6a95f840401c49ab1f124e07f54ee
  Atomic: 6a65765cb7d197873633e2693ee612f036736689
  SwiftJSONRPC: 12de8dafc97bbdc06d4875729e768d9d46c3ac24
  SwiftyJSON: 04ccea08915aa0109039157c7974cf0298da292a

COCOAPODS: 0.39.0
